#
# This file is autogenerated by pip-compile with Python 3.10
# by the following command:
#
#    pip-compile --cert=None --client-cert=None --generate-hashes --index-url=None --output-file=containers/sumo/requirements.lock --pip-args=None --strip-extras containers/sumo/requirements.in
#
eclipse-sumo==1.27.1 \
    --hash=sha256:2255536237d81383efe5e53862b030e2dee6e18025210ff6ba4819f11edbb0d4 \
    --hash=sha256:4b56e8bb331bee39d5a102feda7b3441fdfca4704a9ba4f7ed2cdf99ac19d915 \
    --hash=sha256:80f68e916d10696a677a60db81f13d5340efae9451eaa8f3088e67e89870d6aa \
    --hash=sha256:97abddcb7395c25538f22a272ef67ca77c8a625d3eec6010eed5b62dfac011f3 \
    --hash=sha256:e557879511b66511943f0fa1b0f95d2c135d26e2b681665546deb8001133edd5 \
    --hash=sha256:fd96ace26bccb78312c8c04464c0894a5432db8e2c072388b73e8ae3a6a43586
    # via -r containers/sumo/requirements.in
sumo-data==1.27.1 \
    --hash=sha256:2e547fd20558e07d6004d576eeaf85f4aa061efb4a9bab7675233726364fba61 \
    --hash=sha256:cc3f71bbeac8dc45a67ef90b023fa8d7ee4bd25c7f62f8006c5c036d545a9527 \
    --hash=sha256:fa53a3cd34c2f9fd7137d055451b19c44b8972b65dcc15328d2f469647d6d38d
    # via eclipse-sumo
sumolib==1.27.1 \
    --hash=sha256:0ceaeeb5c9913d8e38e998263e33702c1ed43829d9f961bb3a591d94fbe87018 \
    --hash=sha256:2cc63e75de8db9219ab1a742a4f8870d1d2199881dcc006a0afbcdbb1e463796
    # via traci
traci==1.27.1 \
    --hash=sha256:9f5ccc66e02db316c078a3b010fea1c40510f0cb8434a2155bfe6248e9058787 \
    --hash=sha256:b4f4fb1cd145461c318aa62df16cfd48494a46631a8c3b62348b901def670c9e
    # via -r containers/sumo/requirements.in
